
Microsoft Visual Studio Solution File, Format Version 12.00
# Visual Studio Version 17
VisualStudioVersion = 17.7.34031.279
MinimumVisualStudioVersion = 10.0.40219.1
Project("{FAE04EC0-301F-11D3-BF4B-00C04F79EFBC}") = "Actividad8Arrays", "Actividad8Arrays\Actividad8Arrays.csproj", "{1B01BBCB-8F67-4A5F-A47B-A0F329784E9F}"
EndProject
Global
	GlobalSection(SolutionConfigurationPlatforms) = preSolution
		Debug|Any CPU = Debug|Any CPU
		Release|Any CPU = Release|Any CPU
	EndGlobalSection
	GlobalSection(ProjectConfigurationPlatforms) = postSolution
		{1B01BBCB-8F67-4A5F-A47B-A0F329784E9F}.Debug|Any CPU.ActiveCfg = Debug|Any CPU
		{1B01BBCB-8F67-4A5F-A47B-A0F329784E9F}.Debug|Any CPU.Build.0 = Debug|Any CPU
		{1B01BBCB-8F67-4A5F-A47B-A0F329784E9F}.Release|Any CPU.ActiveCfg = Release|Any CPU
		{1B01BBCB-8F67-4A5F-A47B-A0F329784E9F}.Release|Any CPU.Build.0 = Release|Any CPU
	EndGlobalSection
	GlobalSection(SolutionProperties) = preSolution
		HideSolutionNode = FALSE
	EndGlobalSection
	GlobalSection(ExtensibilityGlobals) = postSolution
		SolutionGuid = {09A8B226-D886-4147-9179-FECCF96B9DB0}
	EndGlobalSection
EndGlobal
